<?xml version="1.0" encoding="utf-8"?>
<Project ToolsVersion="4.0" xmlns="http://schemas.microsoft.com/developer/msbuild/2003">
  <ItemGroup>
    <Filter Include="소스 파일">
      <UniqueIdentifier>{4FC737F1-C7A5-4376-A066-2A32D752A2FF}</UniqueIdentifier>
      <Extensions>cpp;c;cc;cxx;c++;cppm;ixx;def;odl;idl;hpj;bat;asm;asmx</Extensions>
    </Filter>
    <Filter Include="헤더 파일">
      <UniqueIdentifier>{93995380-89BD-4b04-88EB-625FBE52EBFB}</UniqueIdentifier>
      <Extensions>h;hh;hpp;hxx;h++;hm;inl;inc;ipp;xsd</Extensions>
    </Filter>
    <Filter Include="리소스 파일">
      <UniqueIdentifier>{67DA6AB6-F800-4c08-8B7A-83BB121AAD01}</UniqueIdentifier>
      <Extensions>rc;ico;cur;bmp;dlg;rc2;rct;bin;rgs;gif;jpg;jpeg;jpe;resx;tiff;tif;png;wav;mfcribbon-ms</Extensions>
    </Filter>
    <Filter Include="MainGame">
      <UniqueIdentifier>{cb6807f4-0fdf-47de-b7e8-4546acbe35ae}</UniqueIdentifier>
    </Filter>
    <Filter Include="2D Framework">
      <UniqueIdentifier>{18f2c5ba-c6f2-4ac2-a4b6-7d870f746713}</UniqueIdentifier>
    </Filter>
    <Filter Include="2D Framework\Timer">
      <UniqueIdentifier>{30f93bd0-8426-46a5-8a65-4d84027ae64f}</UniqueIdentifier>
    </Filter>
    <Filter Include="MainGame\Scene">
      <UniqueIdentifier>{2aa412d2-4978-4c25-a9b6-6350d3230228}</UniqueIdentifier>
    </Filter>
    <Filter Include="2D Framework\UI">
      <UniqueIdentifier>{72cc197e-0045-44af-bec1-dec30e3e6fb9}</UniqueIdentifier>
    </Filter>
    <Filter Include="2D Framework\UI\Button">
      <UniqueIdentifier>{57de70b7-daba-4081-817d-3bfdbbe06bf9}</UniqueIdentifier>
    </Filter>
    <Filter Include="MainGame\Contents">
      <UniqueIdentifier>{85e4c379-65fb-4119-adab-ebfa4f27591b}</UniqueIdentifier>
    </Filter>
    <Filter Include="2D Framework\Item">
      <UniqueIdentifier>{c1441ce1-da0e-47b6-bcc0-4b07a17e40a4}</UniqueIdentifier>
    </Filter>
    <Filter Include="2D Framework\UI\Text">
      <UniqueIdentifier>{0685621e-a631-45d7-bd9f-06266cca8a50}</UniqueIdentifier>
    </Filter>
    <Filter Include="2D Framework\UI\Image">
      <UniqueIdentifier>{c9ee1a82-bd29-4e44-bbe0-db8922850187}</UniqueIdentifier>
    </Filter>
    <Filter Include="MainGame\D2D">
      <UniqueIdentifier>{51ef473b-2db4-4c9c-87f0-09ba84c4d1d5}</UniqueIdentifier>
    </Filter>
    <Filter Include="2D Framework\UI\Core">
      <UniqueIdentifier>{eaf883cb-e414-46ca-aa3d-6e3e07cf268e}</UniqueIdentifier>
    </Filter>
    <Filter Include="2D Framework\UI\Utill">
      <UniqueIdentifier>{8ddd9e31-5cd7-4e49-a577-5e599f8eb764}</UniqueIdentifier>
    </Filter>
    <Filter Include="2D Framework\UI\Panel">
      <UniqueIdentifier>{01b25a49-2455-446f-a5c6-a93ea8c259ab}</UniqueIdentifier>
    </Filter>
    <Filter Include="2D Framework\UI\Test">
      <UniqueIdentifier>{8c935501-2ad1-4192-8f7a-18812a087caa}</UniqueIdentifier>
    </Filter>
    <Filter Include="2D Framework\UI\Bar">
      <UniqueIdentifier>{939389c9-22a6-452a-87b9-027698a0333c}</UniqueIdentifier>
    </Filter>
  </ItemGroup>
  <ItemGroup>
    <ClCompile Include="main.cpp">
      <Filter>소스 파일</Filter>
    </ClCompile>
    <ClCompile Include="GameObject.cpp">
      <Filter>2D Framework</Filter>
    </ClCompile>
    <ClCompile Include="MainGame.cpp">
      <Filter>MainGame</Filter>
    </ClCompile>
    <ClCompile Include="Image.cpp">
      <Filter>2D Framework</Filter>
    </ClCompile>
    <ClCompile Include="KeyManager.cpp">
      <Filter>2D Framework</Filter>
    </ClCompile>
    <ClCompile Include="ImageManager.cpp">
      <Filter>2D Framework</Filter>
    </ClCompile>
    <ClCompile Include="Timer.cpp">
      <Filter>2D Framework\Timer</Filter>
    </ClCompile>
    <ClCompile Include="TimerManager.cpp">
      <Filter>2D Framework\Timer</Filter>
    </ClCompile>
    <ClCompile Include="BattleScene.cpp">
      <Filter>MainGame\Scene</Filter>
    </ClCompile>
    <ClCompile Include="TilemapTool.cpp">
      <Filter>MainGame\Scene</Filter>
    </ClCompile>
    <ClCompile Include="SceneManager.cpp">
      <Filter>2D Framework</Filter>
    </ClCompile>
    <ClCompile Include="Button.cpp">
      <Filter>2D Framework\UI\Button</Filter>
    </ClCompile>
    <ClCompile Include="AstarScene.cpp">
      <Filter>MainGame\Scene</Filter>
    </ClCompile>
    <ClCompile Include="LoadingScene.cpp">
      <Filter>MainGame\Scene</Filter>
    </ClCompile>
    <ClCompile Include="UI_Test.cpp">
      <Filter>MainGame\Scene</Filter>
    </ClCompile>
    <ClCompile Include="Actor.cpp">
      <Filter>MainGame</Filter>
    </ClCompile>
    <ClCompile Include="Player.cpp">
      <Filter>MainGame</Filter>
    </ClCompile>
    <ClCompile Include="CombatComponent.cpp">
      <Filter>소스 파일</Filter>
    </ClCompile>
    <ClCompile Include="CombatManager.cpp">
      <Filter>소스 파일</Filter>
    </ClCompile>
    <ClCompile Include="TurnManager.cpp">
      <Filter>소스 파일</Filter>
    </ClCompile>
    <ClCompile Include="Enemy.cpp">
      <Filter>소스 파일</Filter>
    </ClCompile>
    <ClCompile Include="EnemyAI.cpp">
      <Filter>2D Framework</Filter>
    </ClCompile>
    <ClCompile Include="AstarTile.cpp">
      <Filter>소스 파일</Filter>
    </ClCompile>
    <ClCompile Include="Camera.cpp">
      <Filter>소스 파일</Filter>
    </ClCompile>
    <ClCompile Include="DungeonScene.cpp">
      <Filter>소스 파일</Filter>
    </ClCompile>
    <ClCompile Include="DungeonTilemap.cpp">
      <Filter>소스 파일</Filter>
    </ClCompile>
    <ClCompile Include="PathFinder.cpp">
      <Filter>소스 파일</Filter>
    </ClCompile>
    <ClCompile Include="Tilemap.cpp">
      <Filter>소스 파일</Filter>
    </ClCompile>
    <ClCompile Include="D2DImage.cpp">
      <Filter>MainGame\D2D</Filter>
    </ClCompile>
    <ClCompile Include="D2DImageManager.cpp">
      <Filter>MainGame\D2D</Filter>
    </ClCompile>
    <ClCompile Include="DWriteFactory.cpp">
      <Filter>MainGame\D2D</Filter>
    </ClCompile>
    <ClCompile Include="UI\Util\UIHelper.cpp">
      <Filter>2D Framework\UI\Utill</Filter>
    </ClCompile>
    <ClCompile Include="UI\Util\UIResourceSubManager.cpp">
      <Filter>2D Framework\UI\Utill</Filter>
    </ClCompile>
  </ItemGroup>
  <ItemGroup>
    <ClInclude Include="config.h">
      <Filter>헤더 파일</Filter>
    </ClInclude>
    <ClInclude Include="CommonFunction.h">
      <Filter>헤더 파일</Filter>
    </ClInclude>
    <ClInclude Include="GameObject.h">
      <Filter>2D Framework</Filter>
    </ClInclude>
    <ClInclude Include="MainGame.h">
      <Filter>MainGame</Filter>
    </ClInclude>
    <ClInclude Include="Image.h">
      <Filter>2D Framework</Filter>
    </ClInclude>
    <ClInclude Include="KeyManager.h">
      <Filter>2D Framework</Filter>
    </ClInclude>
    <ClInclude Include="Singleton.h">
      <Filter>2D Framework</Filter>
    </ClInclude>
    <ClInclude Include="ImageManager.h">
      <Filter>2D Framework</Filter>
    </ClInclude>
    <ClInclude Include="Timer.h">
      <Filter>2D Framework\Timer</Filter>
    </ClInclude>
    <ClInclude Include="TimerManager.h">
      <Filter>2D Framework\Timer</Filter>
    </ClInclude>
    <ClInclude Include="BattleScene.h">
      <Filter>MainGame\Scene</Filter>
    </ClInclude>
    <ClInclude Include="TilemapTool.h">
      <Filter>MainGame\Scene</Filter>
    </ClInclude>
    <ClInclude Include="SceneManager.h">
      <Filter>2D Framework</Filter>
    </ClInclude>
    <ClInclude Include="Button.h">
      <Filter>2D Framework\UI\Button</Filter>
    </ClInclude>
    <ClInclude Include="AstarScene.h">
      <Filter>MainGame\Scene</Filter>
    </ClInclude>
    <ClInclude Include="LoadingScene.h">
      <Filter>MainGame\Scene</Filter>
    </ClInclude>
    <ClInclude Include="UI_Test.h">
      <Filter>MainGame\Scene</Filter>
    </ClInclude>
    <ClInclude Include="FieldItem.h">
      <Filter>2D Framework\Item</Filter>
    </ClInclude>
    <ClInclude Include="Actor.h">
      <Filter>MainGame</Filter>
    </ClInclude>
    <ClInclude Include="Player.h">
      <Filter>MainGame</Filter>
    </ClInclude>
    <ClInclude Include="CombatComponent.h">
      <Filter>헤더 파일</Filter>
    </ClInclude>
    <ClInclude Include="CombatManager.h">
      <Filter>헤더 파일</Filter>
    </ClInclude>
    <ClInclude Include="TurnManager.h">
      <Filter>헤더 파일</Filter>
    </ClInclude>
    <ClInclude Include="Enemy.h">
      <Filter>헤더 파일</Filter>
    </ClInclude>
    <ClInclude Include="EnemyAI.h">
      <Filter>2D Framework</Filter>
    </ClInclude>
    <ClInclude Include="AstarTile.h">
      <Filter>헤더 파일</Filter>
    </ClInclude>
    <ClInclude Include="Camera.h">
      <Filter>헤더 파일</Filter>
    </ClInclude>
    <ClInclude Include="DungeonScene.h">
      <Filter>헤더 파일</Filter>
    </ClInclude>
    <ClInclude Include="DungeonTilemap.h">
      <Filter>헤더 파일</Filter>
    </ClInclude>
    <ClInclude Include="PathFinder.h">
      <Filter>헤더 파일</Filter>
    </ClInclude>
    <ClInclude Include="Tilemap.h">
      <Filter>헤더 파일</Filter>
    </ClInclude>
    <ClInclude Include="D2DImage.h">
      <Filter>MainGame\D2D</Filter>
    </ClInclude>
    <ClInclude Include="D2DImageManager.h">
      <Filter>MainGame\D2D</Filter>
    </ClInclude>
    <ClInclude Include="DWriteFactory.h">
      <Filter>MainGame\D2D</Filter>
    </ClInclude>
    <ClInclude Include="D2DBrush.h">
      <Filter>MainGame\D2D</Filter>
    </ClInclude>
    <ClInclude Include="UI\VisualStyle.h">
      <Filter>2D Framework\UI</Filter>
    </ClInclude>
    <ClInclude Include="UI\Core\UIComponent.h">
      <Filter>2D Framework\UI\Core</Filter>
    </ClInclude>
    <ClInclude Include="UI\Core\UIContainer.h">
      <Filter>2D Framework\UI\Core</Filter>
    </ClInclude>
    <ClInclude Include="UI\Core\UIContainerBase.h">
      <Filter>2D Framework\UI\Core</Filter>
    </ClInclude>
    <ClInclude Include="UI\Core\UILayout.h">
      <Filter>2D Framework\UI\Core</Filter>
    </ClInclude>
    <ClInclude Include="UI\Image\UIImage.h">
      <Filter>2D Framework\UI\Image</Filter>
    </ClInclude>
    <ClInclude Include="UI\Test\UITestHeader.h">
      <Filter>2D Framework\UI\Test</Filter>
    </ClInclude>
    <ClInclude Include="UI\Test\UITestView.h">
      <Filter>2D Framework\UI\Test</Filter>
    </ClInclude>
    <ClInclude Include="UI\Text\UIText.h">
      <Filter>2D Framework\UI\Text</Filter>
    </ClInclude>
    <ClInclude Include="UI\Text\UITextBox.h">
      <Filter>2D Framework\UI\Text</Filter>
    </ClInclude>
    <ClInclude Include="UI\Text\UITextEffect.h">
      <Filter>2D Framework\UI\Text</Filter>
    </ClInclude>
    <ClInclude Include="UI\Panel\UITextLogPanel.h">
      <Filter>2D Framework\UI\Panel</Filter>
    </ClInclude>
    <ClInclude Include="UI\Bar\UIValueBar.h">
      <Filter>2D Framework\UI\Bar</Filter>
    </ClInclude>
    <ClInclude Include="UI\Bar\ValueAnimator.h">
      <Filter>2D Framework\UI\Bar</Filter>
    </ClInclude>
    <ClInclude Include="UI\UIData.h">
      <Filter>2D Framework\UI</Filter>
    </ClInclude>
    <ClInclude Include="UI\Panel\UIInventory.h">
      <Filter>2D Framework\UI\Panel</Filter>
    </ClInclude>
    <ClInclude Include="UI\Panel\UIQuickSlotToolbar.h">
      <Filter>2D Framework\UI\Panel</Filter>
    </ClInclude>
    <ClInclude Include="UI\Panel\UIStatusTollbar.h">
      <Filter>2D Framework\UI\Panel</Filter>
    </ClInclude>
    <ClInclude Include="UI\Panel\UITopRightUI.h">
      <Filter>2D Framework\UI\Panel</Filter>
    </ClInclude>
    <ClInclude Include="UI\Test\UITestEffectManager.h">
      <Filter>2D Framework\UI\Test</Filter>
    </ClInclude>
    <ClInclude Include="UI\Button\UIImageTextButton.h">
      <Filter>2D Framework\UI\Button</Filter>
    </ClInclude>
    <ClInclude Include="UI\Image\UIStretchImage.h">
      <Filter>2D Framework\UI\Image</Filter>
    </ClInclude>
    <ClInclude Include="UI\Panel\UI9PatchPanel.h">
      <Filter>2D Framework\UI\Panel</Filter>
    </ClInclude>
    <ClInclude Include="D2DTypes.h">
      <Filter>헤더 파일</Filter>
    </ClInclude>
    <ClInclude Include="UI\Util\UITextPool.h">
      <Filter>2D Framework\UI\Utill</Filter>
    </ClInclude>
    <ClInclude Include="UI\Util\UIResourceSubManager.h">
      <Filter>2D Framework\UI\Utill</Filter>
    </ClInclude>
    <ClInclude Include="UI\Util\UIHelper.h">
      <Filter>2D Framework\UI\Utill</Filter>
    </ClInclude>
    <ClInclude Include="UI\Util\StyleUtil.h">
      <Filter>2D Framework\UI\Utill</Filter>
    </ClInclude>
    <ClInclude Include="UI\Util\IUIInteractable.h">
      <Filter>2D Framework\UI\Utill</Filter>
    </ClInclude>
  </ItemGroup>
</Project>